
Microsoft Visual Studio Solution File, Format Version 12.00
# Visual Studio Version 16
VisualStudioVersion = 16.0.29306.81
MinimumVisualStudioVersion = 10.0.40219.1
Project("{FAE04EC0-301F-11D3-BF4B-00C04F79EFBC}") = "csharp.learn", "csharp.learn\csharp.learn.csproj", "{8F3FB5C5-E0DC-4EA6-8FFA-2A6019EB87C4}"
EndProject
Project("{FAE04EC0-301F-11D3-BF4B-00C04F79EFBC}") = "csharp.learn.automapper", "csharp.learn.automapper\csharp.learn.automapper.csproj", "{A7623863-4865-427D-862C-4AE3C750636F}"
EndProject
Project("{FAE04EC0-301F-11D3-BF4B-00C04F79EFBC}") = "charp.learn.reflection", "charp.learn.reflection\charp.learn.reflection.csproj", "{DC8A9FA7-1FC6-486C-B0A0-093BE5D6B26B}"
EndProject
Project("{FAE04EC0-301F-11D3-BF4B-00C04F79EFBC}") = "csharp.learn.UnitTests", "csharp.learn.UnitTests\csharp.learn.UnitTests.csproj", "{8A405C5F-CEF4-4576-BD2E-DD0F537A343E}"
EndProject
Global
	GlobalSection(SolutionConfigurationPlatforms) = preSolution
		Debug|Any CPU = Debug|Any CPU
		Release|Any CPU = Release|Any CPU
	EndGlobalSection
	GlobalSection(ProjectConfigurationPlatforms) = postSolution
		{8F3FB5C5-E0DC-4EA6-8FFA-2A6019EB87C4}.Debug|Any CPU.ActiveCfg = Debug|Any CPU
		{8F3FB5C5-E0DC-4EA6-8FFA-2A6019EB87C4}.Debug|Any CPU.Build.0 = Debug|Any CPU
		{8F3FB5C5-E0DC-4EA6-8FFA-2A6019EB87C4}.Release|Any CPU.ActiveCfg = Release|Any CPU
		{8F3FB5C5-E0DC-4EA6-8FFA-2A6019EB87C4}.Release|Any CPU.Build.0 = Release|Any CPU
		{A7623863-4865-427D-862C-4AE3C750636F}.Debug|Any CPU.ActiveCfg = Debug|Any CPU
		{A7623863-4865-427D-862C-4AE3C750636F}.Debug|Any CPU.Build.0 = Debug|Any CPU
		{A7623863-4865-427D-862C-4AE3C750636F}.Release|Any CPU.ActiveCfg = Release|Any CPU
		{A7623863-4865-427D-862C-4AE3C750636F}.Release|Any CPU.Build.0 = Release|Any CPU
		{DC8A9FA7-1FC6-486C-B0A0-093BE5D6B26B}.Debug|Any CPU.ActiveCfg = Debug|Any CPU
		{DC8A9FA7-1FC6-486C-B0A0-093BE5D6B26B}.Debug|Any CPU.Build.0 = Debug|Any CPU
		{DC8A9FA7-1FC6-486C-B0A0-093BE5D6B26B}.Release|Any CPU.ActiveCfg = Release|Any CPU
		{DC8A9FA7-1FC6-486C-B0A0-093BE5D6B26B}.Release|Any CPU.Build.0 = Release|Any CPU
		{8A405C5F-CEF4-4576-BD2E-DD0F537A343E}.Debug|Any CPU.ActiveCfg = Debug|Any CPU
		{8A405C5F-CEF4-4576-BD2E-DD0F537A343E}.Debug|Any CPU.Build.0 = Debug|Any CPU
		{8A405C5F-CEF4-4576-BD2E-DD0F537A343E}.Release|Any CPU.ActiveCfg = Release|Any CPU
		{8A405C5F-CEF4-4576-BD2E-DD0F537A343E}.Release|Any CPU.Build.0 = Release|Any CPU
	EndGlobalSection
	GlobalSection(SolutionProperties) = preSolution
		HideSolutionNode = FALSE
	EndGlobalSection
	GlobalSection(ExtensibilityGlobals) = postSolution
		SolutionGuid = {B8A0E77C-8969-449F-8AAE-28CC4B69BF92}
	EndGlobalSection
EndGlobal
